
Microsoft Visual Studio Solution File, Format Version 12.00
# Visual Studio Version 17
VisualStudioVersion = 17.14.36915.13 d17.14
MinimumVisualStudioVersion = 10.0.40219.1
Project("{FAE04EC0-301F-11D3-BF4B-00C04F79EFBC}") = "TrackNGo", "TrackNGo.csproj", "{96C0D634-9262-4676-A48B-331AD707EC38}"
EndProject
Global
	GlobalSection(SolutionConfigurationPlatforms) = preSolution
		Debug|Any CPU = Debug|Any CPU
		Release|Any CPU = Release|Any CPU
	EndGlobalSection
	GlobalSection(ProjectConfigurationPlatforms) = postSolution
		{96C0D634-9262-4676-A48B-331AD707EC38}.Debug|Any CPU.ActiveCfg = Debug|Any CPU
		{96C0D634-9262-4676-A48B-331AD707EC38}.Debug|Any CPU.Build.0 = Debug|Any CPU
		{96C0D634-9262-4676-A48B-331AD707EC38}.Release|Any CPU.ActiveCfg = Release|Any CPU
		{96C0D634-9262-4676-A48B-331AD707EC38}.Release|Any CPU.Build.0 = Release|Any CPU
	EndGlobalSection
	GlobalSection(SolutionProperties) = preSolution
		HideSolutionNode = FALSE
	EndGlobalSection
	GlobalSection(ExtensibilityGlobals) = postSolution
		SolutionGuid = {137E994E-54EA-421A-A91E-C9201D35A8FE}
	EndGlobalSection
EndGlobal
